{
  "originHash" : "3b35ad144d3462b703339b1ca84b5aa5331345a8c2646ae542b7142a65777eb0",
  "pins" : [
    {
      "identity" : "tabletop-kit",
      "kind" : "remoteSourceControl",
      "location" : "https://github.com/scooper4711/tabletop-kit.git",
      "state" : {
        "revision" : "2c54c95798638d0353105573abb4f4d6c9a2b94d",
        "version" : "0.1.0"
      }
    }
  ],
  "version" : 3
}
