{
  "originHash" : "94f0762aff9f8e95d8a050f75bf819a238c297ec2d179e3b185d8c157d712330",
  "pins" : [
    {
      "identity" : "tabletop-kit",
      "kind" : "remoteSourceControl",
      "location" : "https://github.com/scooper4711/tabletop-kit.git",
      "state" : {
        "revision" : "cf15977ab89fecb2f06bbd60081b9c95af887261",
        "version" : "0.2.0"
      }
    }
  ],
  "version" : 3
}
